
Microsoft Visual Studio Solution File, Format Version 12.00
# Visual Studio Version 17
VisualStudioVersion = 17.8.34322.80
MinimumVisualStudioVersion = 10.0.40219.1
Project("{9A19103F-16F7-4668-BE54-9A1E7A4F7556}") = "HWM.Tools.Firebase.Client", "Client\HWM.Tools.Firebase.Client.csproj", "{B7F243E0-F65D-4D51-9CC4-0467AF950DCB}"
EndProject
Project("{9A19103F-16F7-4668-BE54-9A1E7A4F7556}") = "HWM.Tools.Firebase.Shared", "Shared\HWM.Tools.Firebase.Shared.csproj", "{1E2FB493-7D1A-43CE-B219-F26AA5E5DD7D}"
EndProject
Project("{9A19103F-16F7-4668-BE54-9A1E7A4F7556}") = "HWM.Tools.Firebase.ModManifestMaker", "ModManifestMaker\HWM.Tools.Firebase.ModManifestMaker.csproj", "{04DB0CB8-7072-4F47-AFE8-1297E1820C72}"
EndProject
Global
	GlobalSection(SolutionConfigurationPlatforms) = preSolution
		Debug|Any CPU = Debug|Any CPU
		Release|Any CPU = Release|Any CPU
	EndGlobalSection
	GlobalSection(ProjectConfigurationPlatforms) = postSolution
		{B7F243E0-F65D-4D51-9CC4-0467AF950DCB}.Debug|Any CPU.ActiveCfg = Debug|Any CPU
		{B7F243E0-F65D-4D51-9CC4-0467AF950DCB}.Debug|Any CPU.Build.0 = Debug|Any CPU
		{B7F243E0-F65D-4D51-9CC4-0467AF950DCB}.Release|Any CPU.ActiveCfg = Release|Any CPU
		{B7F243E0-F65D-4D51-9CC4-0467AF950DCB}.Release|Any CPU.Build.0 = Release|Any CPU
		{1E2FB493-7D1A-43CE-B219-F26AA5E5DD7D}.Debug|Any CPU.ActiveCfg = Debug|Any CPU
		{1E2FB493-7D1A-43CE-B219-F26AA5E5DD7D}.Debug|Any CPU.Build.0 = Debug|Any CPU
		{1E2FB493-7D1A-43CE-B219-F26AA5E5DD7D}.Release|Any CPU.ActiveCfg = Release|Any CPU
		{1E2FB493-7D1A-43CE-B219-F26AA5E5DD7D}.Release|Any CPU.Build.0 = Release|Any CPU
		{04DB0CB8-7072-4F47-AFE8-1297E1820C72}.Debug|Any CPU.ActiveCfg = Debug|Any CPU
		{04DB0CB8-7072-4F47-AFE8-1297E1820C72}.Debug|Any CPU.Build.0 = Debug|Any CPU
		{04DB0CB8-7072-4F47-AFE8-1297E1820C72}.Release|Any CPU.ActiveCfg = Release|Any CPU
		{04DB0CB8-7072-4F47-AFE8-1297E1820C72}.Release|Any CPU.Build.0 = Release|Any CPU
	EndGlobalSection
	GlobalSection(SolutionProperties) = preSolution
		HideSolutionNode = FALSE
	EndGlobalSection
	GlobalSection(ExtensibilityGlobals) = postSolution
		SolutionGuid = {B0315312-E9BF-43A3-853B-94553C675A8F}
	EndGlobalSection
EndGlobal
